
Microsoft Visual Studio Solution File, Format Version 12.00
# Visual Studio 15
VisualStudioVersion = 15.0.28307.960
MinimumVisualStudioVersion = 10.0.40219.1
Project("{FAE04EC0-301F-11D3-BF4B-00C04F79EFBC}") = "Senai.Peoples.WebApi", "Senai.Peoples.WebApi\Senai.Peoples.WebApi.csproj", "{EDF8B7DE-EF0C-4B2A-BD47-6D8CD7482A95}"
EndProject
Global
	GlobalSection(SolutionConfigurationPlatforms) = preSolution
		Debug|Any CPU = Debug|Any CPU
		Release|Any CPU = Release|Any CPU
	EndGlobalSection
	GlobalSection(ProjectConfigurationPlatforms) = postSolution
		{EDF8B7DE-EF0C-4B2A-BD47-6D8CD7482A95}.Debug|Any CPU.ActiveCfg = Debug|Any CPU
		{EDF8B7DE-EF0C-4B2A-BD47-6D8CD7482A95}.Debug|Any CPU.Build.0 = Debug|Any CPU
		{EDF8B7DE-EF0C-4B2A-BD47-6D8CD7482A95}.Release|Any CPU.ActiveCfg = Release|Any CPU
		{EDF8B7DE-EF0C-4B2A-BD47-6D8CD7482A95}.Release|Any CPU.Build.0 = Release|Any CPU
	EndGlobalSection
	GlobalSection(SolutionProperties) = preSolution
		HideSolutionNode = FALSE
	EndGlobalSection
	GlobalSection(ExtensibilityGlobals) = postSolution
		SolutionGuid = {83563F19-AADA-4FCA-A12F-724309AEB4BA}
	EndGlobalSection
EndGlobal
